
Microsoft Visual Studio Solution File, Format Version 12.00
# Visual Studio Version 17
VisualStudioVersion = 17.0.32014.148
MinimumVisualStudioVersion = 10.0.40219.1
Project("{FAE04EC0-301F-11D3-BF4B-00C04F79EFBC}") = "chartStudy", "chartStudy\chartStudy.csproj", "{A3CED997-B3F8-43FA-AC5E-B7658875EDAC}"
EndProject
Global
	GlobalSection(SolutionConfigurationPlatforms) = preSolution
		Debug|Any CPU = Debug|Any CPU
		Release|Any CPU = Release|Any CPU
	EndGlobalSection
	GlobalSection(ProjectConfigurationPlatforms) = postSolution
		{A3CED997-B3F8-43FA-AC5E-B7658875EDAC}.Debug|Any CPU.ActiveCfg = Debug|Any CPU
		{A3CED997-B3F8-43FA-AC5E-B7658875EDAC}.Debug|Any CPU.Build.0 = Debug|Any CPU
		{A3CED997-B3F8-43FA-AC5E-B7658875EDAC}.Release|Any CPU.ActiveCfg = Release|Any CPU
		{A3CED997-B3F8-43FA-AC5E-B7658875EDAC}.Release|Any CPU.Build.0 = Release|Any CPU
	EndGlobalSection
	GlobalSection(SolutionProperties) = preSolution
		HideSolutionNode = FALSE
	EndGlobalSection
	GlobalSection(ExtensibilityGlobals) = postSolution
		SolutionGuid = {0D7D64F1-B3FF-47B5-A52D-D716ABF2DF0B}
	EndGlobalSection
EndGlobal
